
Microsoft Visual Studio Solution File, Format Version 11.00
# Visual Studio 2010
Project("{F184B08F-C81C-45F6-A57F-5ABD9991F28F}") = "AdvancedSearch", "AdvancedSearch\AdvancedSearch.vbproj", "{8EEF2213-1C36-4FEA-9155-138C56E1204B}"
EndProject
Project("{F184B08F-C81C-45F6-A57F-5ABD9991F28F}") = "AdvancedSearch.Web", "AdvancedSearch.Web\AdvancedSearch.Web.vbproj", "{0A18B0A3-CCC8-4B55-A8B8-152C81A16DFA}"
EndProject
Project("{F184B08F-C81C-45F6-A57F-5ABD9991F28F}") = "AdvancedSearchDataDefinitions", "AdvancedSearchDataDefinitions\AdvancedSearchDataDefinitions.vbproj", "{71D4A3BD-D697-42F3-87CA-D670945E9A7B}"
EndProject
Global
	GlobalSection(SolutionConfigurationPlatforms) = preSolution
		Debug|Any CPU = Debug|Any CPU
		Release|Any CPU = Release|Any CPU
	EndGlobalSection
	GlobalSection(ProjectConfigurationPlatforms) = postSolution
		{8EEF2213-1C36-4FEA-9155-138C56E1204B}.Debug|Any CPU.ActiveCfg = Debug|Any CPU
		{8EEF2213-1C36-4FEA-9155-138C56E1204B}.Debug|Any CPU.Build.0 = Debug|Any CPU
		{8EEF2213-1C36-4FEA-9155-138C56E1204B}.Release|Any CPU.ActiveCfg = Release|Any CPU
		{8EEF2213-1C36-4FEA-9155-138C56E1204B}.Release|Any CPU.Build.0 = Release|Any CPU
		{0A18B0A3-CCC8-4B55-A8B8-152C81A16DFA}.Debug|Any CPU.ActiveCfg = Debug|Any CPU
		{0A18B0A3-CCC8-4B55-A8B8-152C81A16DFA}.Debug|Any CPU.Build.0 = Debug|Any CPU
		{0A18B0A3-CCC8-4B55-A8B8-152C81A16DFA}.Release|Any CPU.ActiveCfg = Release|Any CPU
		{0A18B0A3-CCC8-4B55-A8B8-152C81A16DFA}.Release|Any CPU.Build.0 = Release|Any CPU
		{71D4A3BD-D697-42F3-87CA-D670945E9A7B}.Debug|Any CPU.ActiveCfg = Debug|Any CPU
		{71D4A3BD-D697-42F3-87CA-D670945E9A7B}.Debug|Any CPU.Build.0 = Debug|Any CPU
		{71D4A3BD-D697-42F3-87CA-D670945E9A7B}.Release|Any CPU.ActiveCfg = Release|Any CPU
		{71D4A3BD-D697-42F3-87CA-D670945E9A7B}.Release|Any CPU.Build.0 = Release|Any CPU
	EndGlobalSection
	GlobalSection(SolutionProperties) = preSolution
		HideSolutionNode = FALSE
	EndGlobalSection
EndGlobal
